
Microsoft Visual Studio Solution File, Format Version 12.00
# Visual Studio 15
VisualStudioVersion = 15.0.27130.2024
MinimumVisualStudioVersion = 15.0.26124.0
Project("{2150E333-8FDC-42A3-9474-1A3956D46DE8}") = "src", "src", "{139DE08A-4592-4C92-9ECB-3EB59A3FBCF1}"
EndProject
Project("{9A19103F-16F7-4668-BE54-9A1E7A4F7556}") = "Athena.Core", "src\Athena.Core\Athena.Core.csproj", "{089A88D3-68C4-4FFA-8F80-0B111F141EAE}"
EndProject
Project("{9A19103F-16F7-4668-BE54-9A1E7A4F7556}") = "Athena", "src\Athena\Athena.csproj", "{B3A62808-CC81-4C80-B721-F6EC2449ADDB}"
EndProject
Project("{9A19103F-16F7-4668-BE54-9A1E7A4F7556}") = "Athena.Data", "src\Athena.Data\Athena.Data.csproj", "{F72166CC-33A8-4817-86CF-BCD634280C9C}"
EndProject
Project("{2150E333-8FDC-42A3-9474-1A3956D46DE8}") = "test", "test", "{F008A1CF-47EE-47BF-ADF2-A7957BEC6160}"
EndProject
Project("{2150E333-8FDC-42A3-9474-1A3956D46DE8}") = "Integration", "Integration", "{3B8504C1-10C0-410F-B823-3646C63057D4}"
EndProject
Project("{9A19103F-16F7-4668-BE54-9A1E7A4F7556}") = "Athena.Data.Tests", "test\Integration\Athena.Data.Tests\Athena.Data.Tests.csproj", "{0F40F0F7-0E08-4F30-9931-FDBFD76FE485}"
EndProject
Project("{9A19103F-16F7-4668-BE54-9A1E7A4F7556}") = "Athena.Core.Validation", "src\Athena.Core.Validation\Athena.Core.Validation.csproj", "{F244C821-37F1-402E-9F29-1EEBD81031A4}"
EndProject
Project("{9A19103F-16F7-4668-BE54-9A1E7A4F7556}") = "Athena.Core.Validation.Tests", "test\Unit\Athena.Core.Validation.Tests\Athena.Core.Validation.Tests.csproj", "{A57DC43A-3F1F-41A9-8517-4F25B6B38CFE}"
EndProject
Project("{2150E333-8FDC-42A3-9474-1A3956D46DE8}") = "Unit", "Unit", "{A98C96CD-B3CE-459F-862D-C22A3CE77A3C}"
EndProject
Project("{9A19103F-16F7-4668-BE54-9A1E7A4F7556}") = "Athena.Tests", "test\Unit\Athena.Tests\Athena.Tests.csproj", "{867A12E9-B244-40A2-8BC5-3A2ADD372B32}"
EndProject
Project("{9A19103F-16F7-4668-BE54-9A1E7A4F7556}") = "Athena.Importer", "src\Athena.Importer\Athena.Importer.csproj", "{A9438191-CD4D-4039-A385-1F20EBBC0B95}"
EndProject
Project("{9A19103F-16F7-4668-BE54-9A1E7A4F7556}") = "Athena.Importer.Tests", "test\Unit\Athena.Importer.Tests\Athena.Importer.Tests.csproj", "{EEC0AA08-58EE-40FE-969C-922BCFB568D7}"
EndProject
Global
	GlobalSection(SolutionConfigurationPlatforms) = preSolution
		Debug|Any CPU = Debug|Any CPU
		Debug|x64 = Debug|x64
		Debug|x86 = Debug|x86
		Release|Any CPU = Release|Any CPU
		Release|x64 = Release|x64
		Release|x86 = Release|x86
	EndGlobalSection
	GlobalSection(ProjectConfigurationPlatforms) = postSolution
		{089A88D3-68C4-4FFA-8F80-0B111F141EAE}.Debug|Any CPU.ActiveCfg = Debug|Any CPU
		{089A88D3-68C4-4FFA-8F80-0B111F141EAE}.Debug|Any CPU.Build.0 = Debug|Any CPU
		{089A88D3-68C4-4FFA-8F80-0B111F141EAE}.Debug|x64.ActiveCfg = Debug|Any CPU
		{089A88D3-68C4-4FFA-8F80-0B111F141EAE}.Debug|x64.Build.0 = Debug|Any CPU
		{089A88D3-68C4-4FFA-8F80-0B111F141EAE}.Debug|x86.ActiveCfg = Debug|Any CPU
		{089A88D3-68C4-4FFA-8F80-0B111F141EAE}.Debug|x86.Build.0 = Debug|Any CPU
		{089A88D3-68C4-4FFA-8F80-0B111F141EAE}.Release|Any CPU.ActiveCfg = Release|Any CPU
		{089A88D3-68C4-4FFA-8F80-0B111F141EAE}.Release|Any CPU.Build.0 = Release|Any CPU
		{089A88D3-68C4-4FFA-8F80-0B111F141EAE}.Release|x64.ActiveCfg = Release|Any CPU
		{089A88D3-68C4-4FFA-8F80-0B111F141EAE}.Release|x64.Build.0 = Release|Any CPU
		{089A88D3-68C4-4FFA-8F80-0B111F141EAE}.Release|x86.ActiveCfg = Release|Any CPU
		{089A88D3-68C4-4FFA-8F80-0B111F141EAE}.Release|x86.Build.0 = Release|Any CPU
		{B3A62808-CC81-4C80-B721-F6EC2449ADDB}.Debug|Any CPU.ActiveCfg = Debug|Any CPU
		{B3A62808-CC81-4C80-B721-F6EC2449ADDB}.Debug|Any CPU.Build.0 = Debug|Any CPU
		{B3A62808-CC81-4C80-B721-F6EC2449ADDB}.Debug|x64.ActiveCfg = Debug|Any CPU
		{B3A62808-CC81-4C80-B721-F6EC2449ADDB}.Debug|x64.Build.0 = Debug|Any CPU
		{B3A62808-CC81-4C80-B721-F6EC2449ADDB}.Debug|x86.ActiveCfg = Debug|Any CPU
		{B3A62808-CC81-4C80-B721-F6EC2449ADDB}.Debug|x86.Build.0 = Debug|Any CPU
		{B3A62808-CC81-4C80-B721-F6EC2449ADDB}.Release|Any CPU.ActiveCfg = Release|Any CPU
		{B3A62808-CC81-4C80-B721-F6EC2449ADDB}.Release|Any CPU.Build.0 = Release|Any CPU
		{B3A62808-CC81-4C80-B721-F6EC2449ADDB}.Release|x64.ActiveCfg = Release|Any CPU
		{B3A62808-CC81-4C80-B721-F6EC2449ADDB}.Release|x64.Build.0 = Release|Any CPU
		{B3A62808-CC81-4C80-B721-F6EC2449ADDB}.Release|x86.ActiveCfg = Release|Any CPU
		{B3A62808-CC81-4C80-B721-F6EC2449ADDB}.Release|x86.Build.0 = Release|Any CPU
		{F72166CC-33A8-4817-86CF-BCD634280C9C}.Debug|Any CPU.ActiveCfg = Debug|Any CPU
		{F72166CC-33A8-4817-86CF-BCD634280C9C}.Debug|Any CPU.Build.0 = Debug|Any CPU
		{F72166CC-33A8-4817-86CF-BCD634280C9C}.Debug|x64.ActiveCfg = Debug|Any CPU
		{F72166CC-33A8-4817-86CF-BCD634280C9C}.Debug|x64.Build.0 = Debug|Any CPU
		{F72166CC-33A8-4817-86CF-BCD634280C9C}.Debug|x86.ActiveCfg = Debug|Any CPU
		{F72166CC-33A8-4817-86CF-BCD634280C9C}.Debug|x86.Build.0 = Debug|Any CPU
		{F72166CC-33A8-4817-86CF-BCD634280C9C}.Release|Any CPU.ActiveCfg = Release|Any CPU
		{F72166CC-33A8-4817-86CF-BCD634280C9C}.Release|Any CPU.Build.0 = Release|Any CPU
		{F72166CC-33A8-4817-86CF-BCD634280C9C}.Release|x64.ActiveCfg = Release|Any CPU
		{F72166CC-33A8-4817-86CF-BCD634280C9C}.Release|x64.Build.0 = Release|Any CPU
		{F72166CC-33A8-4817-86CF-BCD634280C9C}.Release|x86.ActiveCfg = Release|Any CPU
		{F72166CC-33A8-4817-86CF-BCD634280C9C}.Release|x86.Build.0 = Release|Any CPU
		{0F40F0F7-0E08-4F30-9931-FDBFD76FE485}.Debug|Any CPU.ActiveCfg = Debug|Any CPU
		{0F40F0F7-0E08-4F30-9931-FDBFD76FE485}.Debug|Any CPU.Build.0 = Debug|Any CPU
		{0F40F0F7-0E08-4F30-9931-FDBFD76FE485}.Debug|x64.ActiveCfg = Debug|Any CPU
		{0F40F0F7-0E08-4F30-9931-FDBFD76FE485}.Debug|x64.Build.0 = Debug|Any CPU
		{0F40F0F7-0E08-4F30-9931-FDBFD76FE485}.Debug|x86.ActiveCfg = Debug|Any CPU
		{0F40F0F7-0E08-4F30-9931-FDBFD76FE485}.Debug|x86.Build.0 = Debug|Any CPU
		{0F40F0F7-0E08-4F30-9931-FDBFD76FE485}.Release|Any CPU.ActiveCfg = Release|Any CPU
		{0F40F0F7-0E08-4F30-9931-FDBFD76FE485}.Release|Any CPU.Build.0 = Release|Any CPU
		{0F40F0F7-0E08-4F30-9931-FDBFD76FE485}.Release|x64.ActiveCfg = Release|Any CPU
		{0F40F0F7-0E08-4F30-9931-FDBFD76FE485}.Release|x64.Build.0 = Release|Any CPU
		{0F40F0F7-0E08-4F30-9931-FDBFD76FE485}.Release|x86.ActiveCfg = Release|Any CPU
		{0F40F0F7-0E08-4F30-9931-FDBFD76FE485}.Release|x86.Build.0 = Release|Any CPU
		{F244C821-37F1-402E-9F29-1EEBD81031A4}.Debug|Any CPU.ActiveCfg = Debug|Any CPU
		{F244C821-37F1-402E-9F29-1EEBD81031A4}.Debug|Any CPU.Build.0 = Debug|Any CPU
		{F244C821-37F1-402E-9F29-1EEBD81031A4}.Debug|x64.ActiveCfg = Debug|Any CPU
		{F244C821-37F1-402E-9F29-1EEBD81031A4}.Debug|x64.Build.0 = Debug|Any CPU
		{F244C821-37F1-402E-9F29-1EEBD81031A4}.Debug|x86.ActiveCfg = Debug|Any CPU
		{F244C821-37F1-402E-9F29-1EEBD81031A4}.Debug|x86.Build.0 = Debug|Any CPU
		{F244C821-37F1-402E-9F29-1EEBD81031A4}.Release|Any CPU.ActiveCfg = Release|Any CPU
		{F244C821-37F1-402E-9F29-1EEBD81031A4}.Release|Any CPU.Build.0 = Release|Any CPU
		{F244C821-37F1-402E-9F29-1EEBD81031A4}.Release|x64.ActiveCfg = Release|Any CPU
		{F244C821-37F1-402E-9F29-1EEBD81031A4}.Release|x64.Build.0 = Release|Any CPU
		{F244C821-37F1-402E-9F29-1EEBD81031A4}.Release|x86.ActiveCfg = Release|Any CPU
		{F244C821-37F1-402E-9F29-1EEBD81031A4}.Release|x86.Build.0 = Release|Any CPU
		{A57DC43A-3F1F-41A9-8517-4F25B6B38CFE}.Debug|Any CPU.ActiveCfg = Debug|Any CPU
		{A57DC43A-3F1F-41A9-8517-4F25B6B38CFE}.Debug|Any CPU.Build.0 = Debug|Any CPU
		{A57DC43A-3F1F-41A9-8517-4F25B6B38CFE}.Debug|x64.ActiveCfg = Debug|Any CPU
		{A57DC43A-3F1F-41A9-8517-4F25B6B38CFE}.Debug|x64.Build.0 = Debug|Any CPU
		{A57DC43A-3F1F-41A9-8517-4F25B6B38CFE}.Debug|x86.ActiveCfg = Debug|Any CPU
		{A57DC43A-3F1F-41A9-8517-4F25B6B38CFE}.Debug|x86.Build.0 = Debug|Any CPU
		{A57DC43A-3F1F-41A9-8517-4F25B6B38CFE}.Release|Any CPU.ActiveCfg = Release|Any CPU
		{A57DC43A-3F1F-41A9-8517-4F25B6B38CFE}.Release|Any CPU.Build.0 = Release|Any CPU
		{A57DC43A-3F1F-41A9-8517-4F25B6B38CFE}.Release|x64.ActiveCfg = Release|Any CPU
		{A57DC43A-3F1F-41A9-8517-4F25B6B38CFE}.Release|x64.Build.0 = Release|Any CPU
		{A57DC43A-3F1F-41A9-8517-4F25B6B38CFE}.Release|x86.ActiveCfg = Release|Any CPU
		{A57DC43A-3F1F-41A9-8517-4F25B6B38CFE}.Release|x86.Build.0 = Release|Any CPU
		{867A12E9-B244-40A2-8BC5-3A2ADD372B32}.Debug|Any CPU.ActiveCfg = Debug|Any CPU
		{867A12E9-B244-40A2-8BC5-3A2ADD372B32}.Debug|Any CPU.Build.0 = Debug|Any CPU
		{867A12E9-B244-40A2-8BC5-3A2ADD372B32}.Debug|x64.ActiveCfg = Debug|Any CPU
		{867A12E9-B244-40A2-8BC5-3A2ADD372B32}.Debug|x64.Build.0 = Debug|Any CPU
		{867A12E9-B244-40A2-8BC5-3A2ADD372B32}.Debug|x86.ActiveCfg = Debug|Any CPU
		{867A12E9-B244-40A2-8BC5-3A2ADD372B32}.Debug|x86.Build.0 = Debug|Any CPU
		{867A12E9-B244-40A2-8BC5-3A2ADD372B32}.Release|Any CPU.ActiveCfg = Release|Any CPU
		{867A12E9-B244-40A2-8BC5-3A2ADD372B32}.Release|Any CPU.Build.0 = Release|Any CPU
		{867A12E9-B244-40A2-8BC5-3A2ADD372B32}.Release|x64.ActiveCfg = Release|Any CPU
		{867A12E9-B244-40A2-8BC5-3A2ADD372B32}.Release|x64.Build.0 = Release|Any CPU
		{867A12E9-B244-40A2-8BC5-3A2ADD372B32}.Release|x86.ActiveCfg = Release|Any CPU
		{867A12E9-B244-40A2-8BC5-3A2ADD372B32}.Release|x86.Build.0 = Release|Any CPU
		{A9438191-CD4D-4039-A385-1F20EBBC0B95}.Debug|Any CPU.ActiveCfg = Debug|Any CPU
		{A9438191-CD4D-4039-A385-1F20EBBC0B95}.Debug|Any CPU.Build.0 = Debug|Any CPU
		{A9438191-CD4D-4039-A385-1F20EBBC0B95}.Debug|x64.ActiveCfg = Debug|Any CPU
		{A9438191-CD4D-4039-A385-1F20EBBC0B95}.Debug|x64.Build.0 = Debug|Any CPU
		{A9438191-CD4D-4039-A385-1F20EBBC0B95}.Debug|x86.ActiveCfg = Debug|Any CPU
		{A9438191-CD4D-4039-A385-1F20EBBC0B95}.Debug|x86.Build.0 = Debug|Any CPU
		{A9438191-CD4D-4039-A385-1F20EBBC0B95}.Release|Any CPU.ActiveCfg = Release|Any CPU
		{A9438191-CD4D-4039-A385-1F20EBBC0B95}.Release|Any CPU.Build.0 = Release|Any CPU
		{A9438191-CD4D-4039-A385-1F20EBBC0B95}.Release|x64.ActiveCfg = Release|Any CPU
		{A9438191-CD4D-4039-A385-1F20EBBC0B95}.Release|x64.Build.0 = Release|Any CPU
		{A9438191-CD4D-4039-A385-1F20EBBC0B95}.Release|x86.ActiveCfg = Release|Any CPU
		{A9438191-CD4D-4039-A385-1F20EBBC0B95}.Release|x86.Build.0 = Release|Any CPU
		{EEC0AA08-58EE-40FE-969C-922BCFB568D7}.Debug|Any CPU.ActiveCfg = Debug|Any CPU
		{EEC0AA08-58EE-40FE-969C-922BCFB568D7}.Debug|Any CPU.Build.0 = Debug|Any CPU
		{EEC0AA08-58EE-40FE-969C-922BCFB568D7}.Debug|x64.ActiveCfg = Debug|Any CPU
		{EEC0AA08-58EE-40FE-969C-922BCFB568D7}.Debug|x64.Build.0 = Debug|Any CPU
		{EEC0AA08-58EE-40FE-969C-922BCFB568D7}.Debug|x86.ActiveCfg = Debug|Any CPU
		{EEC0AA08-58EE-40FE-969C-922BCFB568D7}.Debug|x86.Build.0 = Debug|Any CPU
		{EEC0AA08-58EE-40FE-969C-922BCFB568D7}.Release|Any CPU.ActiveCfg = Release|Any CPU
		{EEC0AA08-58EE-40FE-969C-922BCFB568D7}.Release|Any CPU.Build.0 = Release|Any CPU
		{EEC0AA08-58EE-40FE-969C-922BCFB568D7}.Release|x64.ActiveCfg = Release|Any CPU
		{EEC0AA08-58EE-40FE-969C-922BCFB568D7}.Release|x64.Build.0 = Release|Any CPU
		{EEC0AA08-58EE-40FE-969C-922BCFB568D7}.Release|x86.ActiveCfg = Release|Any CPU
		{EEC0AA08-58EE-40FE-969C-922BCFB568D7}.Release|x86.Build.0 = Release|Any CPU
	EndGlobalSection
	GlobalSection(SolutionProperties) = preSolution
		HideSolutionNode = FALSE
	EndGlobalSection
	GlobalSection(NestedProjects) = preSolution
		{089A88D3-68C4-4FFA-8F80-0B111F141EAE} = {139DE08A-4592-4C92-9ECB-3EB59A3FBCF1}
		{B3A62808-CC81-4C80-B721-F6EC2449ADDB} = {139DE08A-4592-4C92-9ECB-3EB59A3FBCF1}
		{F72166CC-33A8-4817-86CF-BCD634280C9C} = {139DE08A-4592-4C92-9ECB-3EB59A3FBCF1}
		{3B8504C1-10C0-410F-B823-3646C63057D4} = {F008A1CF-47EE-47BF-ADF2-A7957BEC6160}
		{0F40F0F7-0E08-4F30-9931-FDBFD76FE485} = {3B8504C1-10C0-410F-B823-3646C63057D4}
		{F244C821-37F1-402E-9F29-1EEBD81031A4} = {139DE08A-4592-4C92-9ECB-3EB59A3FBCF1}
		{A57DC43A-3F1F-41A9-8517-4F25B6B38CFE} = {A98C96CD-B3CE-459F-862D-C22A3CE77A3C}
		{A98C96CD-B3CE-459F-862D-C22A3CE77A3C} = {F008A1CF-47EE-47BF-ADF2-A7957BEC6160}
		{867A12E9-B244-40A2-8BC5-3A2ADD372B32} = {A98C96CD-B3CE-459F-862D-C22A3CE77A3C}
		{A9438191-CD4D-4039-A385-1F20EBBC0B95} = {139DE08A-4592-4C92-9ECB-3EB59A3FBCF1}
		{EEC0AA08-58EE-40FE-969C-922BCFB568D7} = {A98C96CD-B3CE-459F-862D-C22A3CE77A3C}
	EndGlobalSection
	GlobalSection(ExtensibilityGlobals) = postSolution
		{EEC0AA08-58EE-40FE-969C-922BCFB568D7} = {A98C96CD-B3CE-459F-862D-C22A3CE77A3C}
		{A9438191-CD4D-4039-A385-1F20EBBC0B95} = {139DE08A-4592-4C92-9ECB-3EB59A3FBCF1}
		SolutionGuid = {E05F4FC3-ACE1-4111-BD4E-DCF041236CC7}
	EndGlobalSection
EndGlobal
